// !$*UTF8*$!
{
	archiveVersion = 1;
	classes = {
	};
	objectVersion = 56;
	objects = {

/* Begin PBXBuildFile section */
		811A1B7B299A88DB002C43C2 /* MAD_257_Firebase_JonathanKApp.swift in Sources */ = {isa = PBXBuildFile; fileRef = 811A1B7A299A88DB002C43C2 /* MAD_257_Firebase_JonathanKApp.swift */; };
		811A1B7D299A88DB002C43C2 /* ContentView.swift in Sources */ = {isa = PBXBuildFile; fileRef = 811A1B7C299A88DB002C43C2 /* ContentView.swift */; };
		811A1B7F299A88DD002C43C2 /* Assets.xcassets in Resources */ = {isa = PBXBuildFile; fileRef = 811A1B7E299A88DD002C43C2 /* Assets.xcassets */; };
		811A1B82299A88DD002C43C2 /* Preview Assets.xcassets in Resources */ = {isa = PBXBuildFile; fileRef = 811A1B81299A88DD002C43C2 /* Preview Assets.xcassets */; };
		811A1B8A299A8985002C43C2 /* TitleRow.swift in Sources */ = {isa = PBXBuildFile; fileRef = 811A1B89299A8985002C43C2 /* TitleRow.swift */; };
		811A1B8D299A8CD3002C43C2 /* Message.swift in Sources */ = {isa = PBXBuildFile; fileRef = 811A1B8C299A8CD3002C43C2 /* Message.swift */; };
		811A1B8F299A8D4F002C43C2 /* MessageBubble.swift in Sources */ = {isa = PBXBuildFile; fileRef = 811A1B8E299A8D4F002C43C2 /* MessageBubble.swift */; };
		811A1B91299A9698002C43C2 /* MessageField.swift in Sources */ = {isa = PBXBuildFile; fileRef = 811A1B90299A9698002C43C2 /* MessageField.swift */; };
		811A1B93299A9BE9002C43C2 /* GoogleService-Info.plist in Resources */ = {isa = PBXBuildFile; fileRef = 811A1B92299A9BE9002C43C2 /* GoogleService-Info.plist */; };
		811A1B96299A9C72002C43C2 /* FirebaseFirestore in Frameworks */ = {isa = PBXBuildFile; productRef = 811A1B95299A9C72002C43C2 /* FirebaseFirestore */; };
		811A1B98299A9C72002C43C2 /* FirebaseFirestoreSwift in Frameworks */ = {isa = PBXBuildFile; productRef = 811A1B97299A9C72002C43C2 /* FirebaseFirestoreSwift */; };
		811A1B9A299A9E3E002C43C2 /* MessagesManager.swift in Sources */ = {isa = PBXBuildFile; fileRef = 811A1B99299A9E3E002C43C2 /* MessagesManager.swift */; };
		811A1B9C299AE7F5002C43C2 /* Extensions.swift in Sources */ = {isa = PBXBuildFile; fileRef = 811A1B9B299AE7F5002C43C2 /* Extensions.swift */; };
/* End PBXBuildFile section */

/* Begin PBXFileReference section */
		811A1B77299A88DB002C43C2 /* MAD-257_Firebase_JonathanK.app */ = {isa = PBXFileReference; explicitFileType = wrapper.application; includeInIndex = 0; path = "MAD-257_Firebase_JonathanK.app"; sourceTree = BUILT_PRODUCTS_DIR; };
		811A1B7A299A88DB002C43C2 /* MAD_257_Firebase_JonathanKApp.swift */ = {isa = PBXFileReference; lastKnownFileType = sourcecode.swift; path = MAD_257_Firebase_JonathanKApp.swift; sourceTree = "<group>"; };
		811A1B7C299A88DB002C43C2 /* ContentView.swift */ = {isa = PBXFileReference; lastKnownFileType = sourcecode.swift; path = ContentView.swift; sourceTree = "<group>"; };
		811A1B7E299A88DD002C43C2 /* Assets.xcassets */ = {isa = PBXFileReference; lastKnownFileType = folder.assetcatalog; path = Assets.xcassets; sourceTree = "<group>"; };
		811A1B81299A88DD002C43C2 /* Preview Assets.xcassets */ = {isa = PBXFileReference; lastKnownFileType = folder.assetcatalog; path = "Preview Assets.xcassets"; sourceTree = "<group>"; };
		811A1B89299A8985002C43C2 /* TitleRow.swift */ = {isa = PBXFileReference; lastKnownFileType = sourcecode.swift; path = TitleRow.swift; sourceTree = "<group>"; };
		811A1B8C299A8CD3002C43C2 /* Message.swift */ = {isa = PBXFileReference; lastKnownFileType = sourcecode.swift; path = Message.swift; sourceTree = "<group>"; };
		811A1B8E299A8D4F002C43C2 /* MessageBubble.swift */ = {isa = PBXFileReference; lastKnownFileType = sourcecode.swift; path = MessageBubble.swift; sourceTree = "<group>"; };
		811A1B90299A9698002C43C2 /* MessageField.swift */ = {isa = PBXFileReference; lastKnownFileType = sourcecode.swift; path = MessageField.swift; sourceTree = "<group>"; };
		811A1B92299A9BE9002C43C2 /* GoogleService-Info.plist */ = {isa = PBXFileReference; fileEncoding = 4; lastKnownFileType = text.plist.xml; path = "GoogleService-Info.plist"; sourceTree = "<group>"; };
		811A1B99299A9E3E002C43C2 /* MessagesManager.swift */ = {isa = PBXFileReference; lastKnownFileType = sourcecode.swift; path = MessagesManager.swift; sourceTree = "<group>"; };
		811A1B9B299AE7F5002C43C2 /* Extensions.swift */ = {isa = PBXFileReference; lastKnownFileType = sourcecode.swift; path = Extensions.swift; sourceTree = "<group>"; };
/* End PBXFileReference section */

/* Begin PBXFrameworksBuildPhase section */
		811A1B74299A88DB002C43C2 /* Frameworks */ = {
			isa = PBXFrameworksBuildPhase;
			buildActionMask = 2147483647;
			files = (
				811A1B96299A9C72002C43C2 /* FirebaseFirestore in Frameworks */,
				811A1B98299A9C72002C43C2 /* FirebaseFirestoreSwift in Frameworks */,
			);
			runOnlyForDeploymentPostprocessing = 0;
		};
/* End PBXFrameworksBuildPhase section */

/* Begin PBXGroup section */
		811A1B6E299A88DB002C43C2 = {
			isa = PBXGroup;
			children = (
				811A1B79299A88DB002C43C2 /* MAD-257_Firebase_JonathanK */,
				811A1B78299A88DB002C43C2 /* Products */,
			);
			sourceTree = "<group>";
		};
		811A1B78299A88DB002C43C2 /* Products */ = {
			isa = PBXGroup;
			children = (
				811A1B77299A88DB002C43C2 /* MAD-257_Firebase_JonathanK.app */,
			);
			name = Products;
			sourceTree = "<group>";
		};
		811A1B79299A88DB002C43C2 /* MAD-257_Firebase_JonathanK */ = {
			isa = PBXGroup;
			children = (
				811A1B7A299A88DB002C43C2 /* MAD_257_Firebase_JonathanKApp.swift */,
				811A1B7C299A88DB002C43C2 /* ContentView.swift */,
				811A1B92299A9BE9002C43C2 /* GoogleService-Info.plist */,
				811A1B8B299A8CC0002C43C2 /* Models */,
				811A1B88299A8969002C43C2 /* Components */,
				811A1B7E299A88DD002C43C2 /* Assets.xcassets */,
				811A1B80299A88DD002C43C2 /* Preview Content */,
				811A1B99299A9E3E002C43C2 /* MessagesManager.swift */,
				811A1B9B299AE7F5002C43C2 /* Extensions.swift */,
			);
			path = "MAD-257_Firebase_JonathanK";
			sourceTree = "<group>";
		};
		811A1B80299A88DD002C43C2 /* Preview Content */ = {
			isa = PBXGroup;
			children = (
				811A1B81299A88DD002C43C2 /* Preview Assets.xcassets */,
			);
			path = "Preview Content";
			sourceTree = "<group>";
		};
		811A1B88299A8969002C43C2 /* Components */ = {
			isa = PBXGroup;
			children = (
				811A1B89299A8985002C43C2 /* TitleRow.swift */,
				811A1B8E299A8D4F002C43C2 /* MessageBubble.swift */,
				811A1B90299A9698002C43C2 /* MessageField.swift */,
			);
			path = Components;
			sourceTree = "<group>";
		};
		811A1B8B299A8CC0002C43C2 /* Models */ = {
			isa = PBXGroup;
			children = (
				811A1B8C299A8CD3002C43C2 /* Message.swift */,
			);
			path = Models;
			sourceTree = "<group>";
		};
/* End PBXGroup section */

/* Begin PBXNativeTarget section */
		811A1B76299A88DB002C43C2 /* MAD-257_Firebase_JonathanK */ = {
			isa = PBXNativeTarget;
			buildConfigurationList = 811A1B85299A88DD002C43C2 /* Build configuration list for PBXNativeTarget "MAD-257_Firebase_JonathanK" */;
			buildPhases = (
				811A1B73299A88DB002C43C2 /* Sources */,
				811A1B74299A88DB002C43C2 /* Frameworks */,
				811A1B75299A88DB002C43C2 /* Resources */,
			);
			buildRules = (
			);
			dependencies = (
			);
			name = "MAD-257_Firebase_JonathanK";
			packageProductDependencies = (
				811A1B95299A9C72002C43C2 /* FirebaseFirestore */,
				811A1B97299A9C72002C43C2 /* FirebaseFirestoreSwift */,
			);
			productName = "MAD-257_Firebase_JonathanK";
			productReference = 811A1B77299A88DB002C43C2 /* MAD-257_Firebase_JonathanK.app */;
			productType = "com.apple.product-type.application";
		};
/* End PBXNativeTarget section */

/* Begin PBXProject section */
		811A1B6F299A88DB002C43C2 /* Project object */ = {
			isa = PBXProject;
			attributes = {
				BuildIndependentTargetsInParallel = 1;
				LastSwiftUpdateCheck = 1420;
				LastUpgradeCheck = 1420;
				TargetAttributes = {
					811A1B76299A88DB002C43C2 = {
						CreatedOnToolsVersion = 14.2;
					};
				};
			};
			buildConfigurationList = 811A1B72299A88DB002C43C2 /* Build configuration list for PBXProject "MAD-257_Firebase_JonathanK" */;
			compatibilityVersion = "Xcode 14.0";
			developmentRegion = en;
			hasScannedForEncodings = 0;
			knownRegions = (
				en,
				Base,
			);
			mainGroup = 811A1B6E299A88DB002C43C2;
			packageReferences = (
				811A1B94299A9C72002C43C2 /* XCRemoteSwiftPackageReference "firebase-ios-sdk" */,
			);
			productRefGroup = 811A1B78299A88DB002C43C2 /* Products */;
			projectDirPath = "";
			projectRoot = "";
			targets = (
				811A1B76299A88DB002C43C2 /* MAD-257_Firebase_JonathanK */,
			);
		};
/* End PBXProject section */

/* Begin PBXResourcesBuildPhase section */
		811A1B75299A88DB002C43C2 /* Resources */ = {
			isa = PBXResourcesBuildPhase;
			buildActionMask = 2147483647;
			files = (
				811A1B82299A88DD002C43C2 /* Preview Assets.xcassets in Resources */,
				811A1B7F299A88DD002C43C2 /* Assets.xcassets in Resources */,
				811A1B93299A9BE9002C43C2 /* GoogleService-Info.plist in Resources */,
			);
			runOnlyForDeploymentPostprocessing = 0;
		};
/* End PBXResourcesBuildPhase section */

/* Begin PBXSourcesBuildPhase section */
		811A1B73299A88DB002C43C2 /* Sources */ = {
			isa = PBXSourcesBuildPhase;
			buildActionMask = 2147483647;
			files = (
				811A1B7D299A88DB002C43C2 /* ContentView.swift in Sources */,
				811A1B8D299A8CD3002C43C2 /* Message.swift in Sources */,
				811A1B8F299A8D4F002C43C2 /* MessageBubble.swift in Sources */,
				811A1B9C299AE7F5002C43C2 /* Extensions.swift in Sources */,
				811A1B7B299A88DB002C43C2 /* MAD_257_Firebase_JonathanKApp.swift in Sources */,
				811A1B91299A9698002C43C2 /* MessageField.swift in Sources */,
				811A1B8A299A8985002C43C2 /* TitleRow.swift in Sources */,
				811A1B9A299A9E3E002C43C2 /* MessagesManager.swift in Sources */,
			);
			runOnlyForDeploymentPostprocessing = 0;
		};
/* End PBXSourcesBuildPhase section */

/* Begin XCBuildConfiguration section */
		811A1B83299A88DD002C43C2 /* Debug */ = {
			isa = XCBuildConfiguration;
			buildSettings = {
				ALWAYS_SEARCH_USER_PATHS = NO;
				CLANG_ANALYZER_NONNULL = YES;
				CLANG_ANALYZER_NUMBER_OBJECT_CONVERSION = YES_AGGRESSIVE;
				CLANG_CXX_LANGUAGE_STANDARD = "gnu++20";
				CLANG_ENABLE_MODULES = YES;
				CLANG_ENABLE_OBJC_ARC = YES;
				CLANG_ENABLE_OBJC_WEAK = YES;
				CLANG_WARN_BLOCK_CAPTURE_AUTORELEASING = YES;
				CLANG_WARN_BOOL_CONVERSION = YES;
				CLANG_WARN_COMMA = YES;
				CLANG_WARN_CONSTANT_CONVERSION = YES;
				CLANG_WARN_DEPRECATED_OBJC_IMPLEMENTATIONS = YES;
				CLANG_WARN_DIRECT_OBJC_ISA_USAGE = YES_ERROR;
				CLANG_WARN_DOCUMENTATION_COMMENTS = YES;
				CLANG_WARN_EMPTY_BODY = YES;
				CLANG_WARN_ENUM_CONVERSION = YES;
				CLANG_WARN_INFINITE_RECURSION = YES;
				CLANG_WARN_INT_CONVERSION = YES;
				CLANG_WARN_NON_LITERAL_NULL_CONVERSION = YES;
				CLANG_WARN_OBJC_IMPLICIT_RETAIN_SELF = YES;
				CLANG_WARN_OBJC_LITERAL_CONVERSION = YES;
				CLANG_WARN_OBJC_ROOT_CLASS = YES_ERROR;
				CLANG_WARN_QUOTED_INCLUDE_IN_FRAMEWORK_HEADER = YES;
				CLANG_WARN_RANGE_LOOP_ANALYSIS = YES;
				CLANG_WARN_STRICT_PROTOTYPES = YES;
				CLANG_WARN_SUSPICIOUS_MOVE = YES;
				CLANG_WARN_UNGUARDED_AVAILABILITY = YES_AGGRESSIVE;
				CLANG_WARN_UNREACHABLE_CODE = YES;
				CLANG_WARN__DUPLICATE_METHOD_MATCH = YES;
				COPY_PHASE_STRIP = NO;
				DEBUG_INFORMATION_FORMAT = dwarf;
				ENABLE_STRICT_OBJC_MSGSEND = YES;
				ENABLE_TESTABILITY = YES;
				GCC_C_LANGUAGE_STANDARD = gnu11;
				GCC_DYNAMIC_NO_PIC = NO;
				GCC_NO_COMMON_BLOCKS = YES;
				GCC_OPTIMIZATION_LEVEL = 0;
				GCC_PREPROCESSOR_DEFINITIONS = (
					"DEBUG=1",
					"$(inherited)",
				);
				GCC_WARN_64_TO_32_BIT_CONVERSION = YES;
				GCC_WARN_ABOUT_RETURN_TYPE = YES_ERROR;
				GCC_WARN_UNDECLARED_SELECTOR = YES;
				GCC_WARN_UNINITIALIZED_AUTOS = YES_AGGRESSIVE;
				GCC_WARN_UNUSED_FUNCTION = YES;
				GCC_WARN_UNUSED_VARIABLE = YES;
				IPHONEOS_DEPLOYMENT_TARGET = 16.2;
				MTL_ENABLE_DEBUG_INFO = INCLUDE_SOURCE;
				MTL_FAST_MATH = YES;
				ONLY_ACTIVE_ARCH = YES;
				SDKROOT = iphoneos;
				SWIFT_ACTIVE_COMPILATION_CONDITIONS = DEBUG;
				SWIFT_OPTIMIZATION_LEVEL = "-Onone";
			};
			name = Debug;
		};
		811A1B84299A88DD002C43C2 /* Release */ = {
			isa = XCBuildConfiguration;
			buildSettings = {
				ALWAYS_SEARCH_USER_PATHS = NO;
				CLANG_ANALYZER_NONNULL = YES;
				CLANG_ANALYZER_NUMBER_OBJECT_CONVERSION = YES_AGGRESSIVE;
				CLANG_CXX_LANGUAGE_STANDARD = "gnu++20";
				CLANG_ENABLE_MODULES = YES;
				CLANG_ENABLE_OBJC_ARC = YES;
				CLANG_ENABLE_OBJC_WEAK = YES;
				CLANG_WARN_BLOCK_CAPTURE_AUTORELEASING = YES;
				CLANG_WARN_BOOL_CONVERSION = YES;
				CLANG_WARN_COMMA = YES;
				CLANG_WARN_CONSTANT_CONVERSION = YES;
				CLANG_WARN_DEPRECATED_OBJC_IMPLEMENTATIONS = YES;
				CLANG_WARN_DIRECT_OBJC_ISA_USAGE = YES_ERROR;
				CLANG_WARN_DOCUMENTATION_COMMENTS = YES;
				CLANG_WARN_EMPTY_BODY = YES;
				CLANG_WARN_ENUM_CONVERSION = YES;
				CLANG_WARN_INFINITE_RECURSION = YES;
				CLANG_WARN_INT_CONVERSION = YES;
				CLANG_WARN_NON_LITERAL_NULL_CONVERSION = YES;
				CLANG_WARN_OBJC_IMPLICIT_RETAIN_SELF = YES;
				CLANG_WARN_OBJC_LITERAL_CONVERSION = YES;
				CLANG_WARN_OBJC_ROOT_CLASS = YES_ERROR;
				CLANG_WARN_QUOTED_INCLUDE_IN_FRAMEWORK_HEADER = YES;
				CLANG_WARN_RANGE_LOOP_ANALYSIS = YES;
				CLANG_WARN_STRICT_PROTOTYPES = YES;
				CLANG_WARN_SUSPICIOUS_MOVE = YES;
				CLANG_WARN_UNGUARDED_AVAILABILITY = YES_AGGRESSIVE;
				CLANG_WARN_UNREACHABLE_CODE = YES;
				CLANG_WARN__DUPLICATE_METHOD_MATCH = YES;
				COPY_PHASE_STRIP = NO;
				DEBUG_INFORMATION_FORMAT = "dwarf-with-dsym";
				ENABLE_NS_ASSERTIONS = NO;
				ENABLE_STRICT_OBJC_MSGSEND = YES;
				GCC_C_LANGUAGE_STANDARD = gnu11;
				GCC_NO_COMMON_BLOCKS = YES;
				GCC_WARN_64_TO_32_BIT_CONVERSION = YES;
				GCC_WARN_ABOUT_RETURN_TYPE = YES_ERROR;
				GCC_WARN_UNDECLARED_SELECTOR = YES;
				GCC_WARN_UNINITIALIZED_AUTOS = YES_AGGRESSIVE;
				GCC_WARN_UNUSED_FUNCTION = YES;
				GCC_WARN_UNUSED_VARIABLE = YES;
				IPHONEOS_DEPLOYMENT_TARGET = 16.2;
				MTL_ENABLE_DEBUG_INFO = NO;
				MTL_FAST_MATH = YES;
				SDKROOT = iphoneos;
				SWIFT_COMPILATION_MODE = wholemodule;
				SWIFT_OPTIMIZATION_LEVEL = "-O";
				VALIDATE_PRODUCT = YES;
			};
			name = Release;
		};
		811A1B86299A88DD002C43C2 /* Debug */ = {
			isa = XCBuildConfiguration;
			buildSettings = {
				ASSETCATALOG_COMPILER_APPICON_NAME = AppIcon;
				ASSETCATALOG_COMPILER_GLOBAL_ACCENT_COLOR_NAME = AccentColor;
				CODE_SIGN_STYLE = Automatic;
				CURRENT_PROJECT_VERSION = 1;
				DEVELOPMENT_ASSET_PATHS = "\"MAD-257_Firebase_JonathanK/Preview Content\"";
				DEVELOPMENT_TEAM = D9TZTLV9Q2;
				ENABLE_PREVIEWS = YES;
				GENERATE_INFOPLIST_FILE = YES;
				INFOPLIST_KEY_UIApplicationSceneManifest_Generation = YES;
				INFOPLIST_KEY_UIApplicationSupportsIndirectInputEvents = YES;
				INFOPLIST_KEY_UILaunchScreen_Generation = YES;
				INFOPLIST_KEY_UISupportedInterfaceOrientations_iPad = "UIInterfaceOrientationPortrait UIInterfaceOrientationPortraitUpsideDown UIInterfaceOrientationLandscapeLeft UIInterfaceOrientationLandscapeRight";
				INFOPLIST_KEY_UISupportedInterfaceOrientations_iPhone = "UIInterfaceOrientationPortrait UIInterfaceOrientationLandscapeLeft UIInterfaceOrientationLandscapeRight";
				LD_RUNPATH_SEARCH_PATHS = (
					"$(inherited)",
					"@executable_path/Frameworks",
				);
				MARKETING_VERSION = 1.0;
				PRODUCT_BUNDLE_IDENTIFIER = "Jonathan-Kearns.MAD-257-Firebase-JonathanK";
				PRODUCT_NAME = "$(TARGET_NAME)";
				SWIFT_EMIT_LOC_STRINGS = YES;
				SWIFT_VERSION = 5.0;
				TARGETED_DEVICE_FAMILY = "1,2";
			};
			name = Debug;
		};
		811A1B87299A88DD002C43C2 /* Release */ = {
			isa = XCBuildConfiguration;
			buildSettings = {
				ASSETCATALOG_COMPILER_APPICON_NAME = AppIcon;
				ASSETCATALOG_COMPILER_GLOBAL_ACCENT_COLOR_NAME = AccentColor;
				CODE_SIGN_STYLE = Automatic;
				CURRENT_PROJECT_VERSION = 1;
				DEVELOPMENT_ASSET_PATHS = "\"MAD-257_Firebase_JonathanK/Preview Content\"";
				DEVELOPMENT_TEAM = D9TZTLV9Q2;
				ENABLE_PREVIEWS = YES;
				GENERATE_INFOPLIST_FILE = YES;
				INFOPLIST_KEY_UIApplicationSceneManifest_Generation = YES;
				INFOPLIST_KEY_UIApplicationSupportsIndirectInputEvents = YES;
				INFOPLIST_KEY_UILaunchScreen_Generation = YES;
				INFOPLIST_KEY_UISupportedInterfaceOrientations_iPad = "UIInterfaceOrientationPortrait UIInterfaceOrientationPortraitUpsideDown UIInterfaceOrientationLandscapeLeft UIInterfaceOrientationLandscapeRight";
				INFOPLIST_KEY_UISupportedInterfaceOrientations_iPhone = "UIInterfaceOrientationPortrait UIInterfaceOrientationLandscapeLeft UIInterfaceOrientationLandscapeRight";
				LD_RUNPATH_SEARCH_PATHS = (
					"$(inherited)",
					"@executable_path/Frameworks",
				);
				MARKETING_VERSION = 1.0;
				PRODUCT_BUNDLE_IDENTIFIER = "Jonathan-Kearns.MAD-257-Firebase-JonathanK";
				PRODUCT_NAME = "$(TARGET_NAME)";
				SWIFT_EMIT_LOC_STRINGS = YES;
				SWIFT_VERSION = 5.0;
				TARGETED_DEVICE_FAMILY = "1,2";
			};
			name = Release;
		};
/* End XCBuildConfiguration section */

/* Begin XCConfigurationList section */
		811A1B72299A88DB002C43C2 /* Build configuration list for PBXProject "MAD-257_Firebase_JonathanK" */ = {
			isa = XCConfigurationList;
			buildConfigurations = (
				811A1B83299A88DD002C43C2 /* Debug */,
				811A1B84299A88DD002C43C2 /* Release */,
			);
			defaultConfigurationIsVisible = 0;
			defaultConfigurationName = Release;
		};
		811A1B85299A88DD002C43C2 /* Build configuration list for PBXNativeTarget "MAD-257_Firebase_JonathanK" */ = {
			isa = XCConfigurationList;
			buildConfigurations = (
				811A1B86299A88DD002C43C2 /* Debug */,
				811A1B87299A88DD002C43C2 /* Release */,
			);
			defaultConfigurationIsVisible = 0;
			defaultConfigurationName = Release;
		};
/* End XCConfigurationList section */

/* Begin XCRemoteSwiftPackageReference section */
		811A1B94299A9C72002C43C2 /* XCRemoteSwiftPackageReference "firebase-ios-sdk" */ = {
			isa = XCRemoteSwiftPackageReference;
			repositoryURL = "https://github.com/firebase/firebase-ios-sdk";
			requirement = {
				kind = upToNextMajorVersion;
				minimumVersion = 9.0.0;
			};
		};
/* End XCRemoteSwiftPackageReference section */

/* Begin XCSwiftPackageProductDependency section */
		811A1B95299A9C72002C43C2 /* FirebaseFirestore */ = {
			isa = XCSwiftPackageProductDependency;
			package = 811A1B94299A9C72002C43C2 /* XCRemoteSwiftPackageReference "firebase-ios-sdk" */;
			productName = FirebaseFirestore;
		};
		811A1B97299A9C72002C43C2 /* FirebaseFirestoreSwift */ = {
			isa = XCSwiftPackageProductDependency;
			package = 811A1B94299A9C72002C43C2 /* XCRemoteSwiftPackageReference "firebase-ios-sdk" */;
			productName = FirebaseFirestoreSwift;
		};
/* End XCSwiftPackageProductDependency section */
	};
	rootObject = 811A1B6F299A88DB002C43C2 /* Project object */;
}
